
Microsoft Visual Studio Solution File, Format Version 12.00
# Visual Studio Version 17
VisualStudioVersion = 17.4.33122.133
MinimumVisualStudioVersion = 10.0.40219.1
Project("{FAE04EC0-301F-11D3-BF4B-00C04F79EFBC}") = "OtherCodeWrite", "OtherCodeWrite\OtherCodeWrite.csproj", "{05FB207E-FD81-4328-A0A8-910A7A85494A}"
EndProject
Global
	GlobalSection(SolutionConfigurationPlatforms) = preSolution
		Debug|Any CPU = Debug|Any CPU
		Release|Any CPU = Release|Any CPU
	EndGlobalSection
	GlobalSection(ProjectConfigurationPlatforms) = postSolution
		{05FB207E-FD81-4328-A0A8-910A7A85494A}.Debug|Any CPU.ActiveCfg = Debug|Any CPU
		{05FB207E-FD81-4328-A0A8-910A7A85494A}.Debug|Any CPU.Build.0 = Debug|Any CPU
		{05FB207E-FD81-4328-A0A8-910A7A85494A}.Release|Any CPU.ActiveCfg = Release|Any CPU
		{05FB207E-FD81-4328-A0A8-910A7A85494A}.Release|Any CPU.Build.0 = Release|Any CPU
	EndGlobalSection
	GlobalSection(SolutionProperties) = preSolution
		HideSolutionNode = FALSE
	EndGlobalSection
	GlobalSection(ExtensibilityGlobals) = postSolution
		SolutionGuid = {29B56615-6915-4E1A-AC32-ACA76D101C47}
	EndGlobalSection
EndGlobal
